
Microsoft Visual Studio Solution File, Format Version 12.00
# Visual Studio Version 16
VisualStudioVersion = 16.0.30717.126
MinimumVisualStudioVersion = 10.0.40219.1
Project("{FAE04EC0-301F-11D3-BF4B-00C04F79EFBC}") = "ActionsApp", "ActionsApp.csproj", "{F1E8EE52-125B-4CDF-B510-04DBDC15E927}"
EndProject
Project("{FAE04EC0-301F-11D3-BF4B-00C04F79EFBC}") = "ActionsAppTest", "..\ActionsAppTest\ActionsAppTest.csproj", "{C0E7B543-0CE0-4F98-A417-2BEFBEFFECFB}"
EndProject
Global
	GlobalSection(SolutionConfigurationPlatforms) = preSolution
		Debug|Any CPU = Debug|Any CPU
		Release|Any CPU = Release|Any CPU
	EndGlobalSection
	GlobalSection(ProjectConfigurationPlatforms) = postSolution
		{F1E8EE52-125B-4CDF-B510-04DBDC15E927}.Debug|Any CPU.ActiveCfg = Debug|Any CPU
		{F1E8EE52-125B-4CDF-B510-04DBDC15E927}.Debug|Any CPU.Build.0 = Debug|Any CPU
		{F1E8EE52-125B-4CDF-B510-04DBDC15E927}.Release|Any CPU.ActiveCfg = Release|Any CPU
		{F1E8EE52-125B-4CDF-B510-04DBDC15E927}.Release|Any CPU.Build.0 = Release|Any CPU
		{C0E7B543-0CE0-4F98-A417-2BEFBEFFECFB}.Debug|Any CPU.ActiveCfg = Debug|Any CPU
		{C0E7B543-0CE0-4F98-A417-2BEFBEFFECFB}.Debug|Any CPU.Build.0 = Debug|Any CPU
		{C0E7B543-0CE0-4F98-A417-2BEFBEFFECFB}.Release|Any CPU.ActiveCfg = Release|Any CPU
		{C0E7B543-0CE0-4F98-A417-2BEFBEFFECFB}.Release|Any CPU.Build.0 = Release|Any CPU
	EndGlobalSection
	GlobalSection(SolutionProperties) = preSolution
		HideSolutionNode = FALSE
	EndGlobalSection
	GlobalSection(ExtensibilityGlobals) = postSolution
		SolutionGuid = {514BA063-F5D5-41A7-A737-FC29B91D7244}
	EndGlobalSection
EndGlobal
